
Microsoft Visual Studio Solution File, Format Version 12.00
# Visual Studio Version 17
VisualStudioVersion = 17.9.34607.119
MinimumVisualStudioVersion = 10.0.40219.1
Project("{FAE04EC0-301F-11D3-BF4B-00C04F79EFBC}") = "Rule34", "Rule34\Rule34.csproj", "{559A02F6-2B88-45AD-8CAF-268878623CD6}"
EndProject
Project("{FAE04EC0-301F-11D3-BF4B-00C04F79EFBC}") = "Rule.BL", "Rule.BL\Rule.BL.csproj", "{3406D200-CCB7-4692-B5C2-882D08B27977}"
EndProject
Project("{FAE04EC0-301F-11D3-BF4B-00C04F79EFBC}") = "Rule.Common", "Rule.Common\Rule.Common.csproj", "{0BDF295F-D567-431F-BE40-979B4C4B53B8}"
EndProject
Project("{FAE04EC0-301F-11D3-BF4B-00C04F79EFBC}") = "Rule.DAL", "Rule.DAL\Rule.DAL.csproj", "{D2C815EE-8028-4AB0-8F20-A7D215C10738}"
EndProject
Global
	GlobalSection(SolutionConfigurationPlatforms) = preSolution
		Debug|Any CPU = Debug|Any CPU
		Release|Any CPU = Release|Any CPU
	EndGlobalSection
	GlobalSection(ProjectConfigurationPlatforms) = postSolution
		{559A02F6-2B88-45AD-8CAF-268878623CD6}.Debug|Any CPU.ActiveCfg = Debug|Any CPU
		{559A02F6-2B88-45AD-8CAF-268878623CD6}.Debug|Any CPU.Build.0 = Debug|Any CPU
		{559A02F6-2B88-45AD-8CAF-268878623CD6}.Release|Any CPU.ActiveCfg = Release|Any CPU
		{559A02F6-2B88-45AD-8CAF-268878623CD6}.Release|Any CPU.Build.0 = Release|Any CPU
		{3406D200-CCB7-4692-B5C2-882D08B27977}.Debug|Any CPU.ActiveCfg = Debug|Any CPU
		{3406D200-CCB7-4692-B5C2-882D08B27977}.Debug|Any CPU.Build.0 = Debug|Any CPU
		{3406D200-CCB7-4692-B5C2-882D08B27977}.Release|Any CPU.ActiveCfg = Release|Any CPU
		{3406D200-CCB7-4692-B5C2-882D08B27977}.Release|Any CPU.Build.0 = Release|Any CPU
		{0BDF295F-D567-431F-BE40-979B4C4B53B8}.Debug|Any CPU.ActiveCfg = Debug|Any CPU
		{0BDF295F-D567-431F-BE40-979B4C4B53B8}.Debug|Any CPU.Build.0 = Debug|Any CPU
		{0BDF295F-D567-431F-BE40-979B4C4B53B8}.Release|Any CPU.ActiveCfg = Release|Any CPU
		{0BDF295F-D567-431F-BE40-979B4C4B53B8}.Release|Any CPU.Build.0 = Release|Any CPU
		{D2C815EE-8028-4AB0-8F20-A7D215C10738}.Debug|Any CPU.ActiveCfg = Debug|Any CPU
		{D2C815EE-8028-4AB0-8F20-A7D215C10738}.Debug|Any CPU.Build.0 = Debug|Any CPU
		{D2C815EE-8028-4AB0-8F20-A7D215C10738}.Release|Any CPU.ActiveCfg = Release|Any CPU
		{D2C815EE-8028-4AB0-8F20-A7D215C10738}.Release|Any CPU.Build.0 = Release|Any CPU
	EndGlobalSection
	GlobalSection(SolutionProperties) = preSolution
		HideSolutionNode = FALSE
	EndGlobalSection
	GlobalSection(ExtensibilityGlobals) = postSolution
		SolutionGuid = {AC2766D4-7A95-40BB-BD37-74916E6CF1B7}
	EndGlobalSection
EndGlobal
